// !$*UTF8*$!
{
	archiveVersion = 1;
	classes = {
	};
	objectVersion = 46;
	objects = {

/* Begin PBXBuildFile section */
		96A1E9061CABEF62008A3BFD /* AppDelegate.swift in Sources */ = {isa = PBXBuildFile; fileRef = 96A1E9051CABEF62008A3BFD /* AppDelegate.swift */; };
		96A1E9081CABEF62008A3BFD /* ViewController.swift in Sources */ = {isa = PBXBuildFile; fileRef = 96A1E9071CABEF62008A3BFD /* ViewController.swift */; };
		96A1E90B1CABEF62008A3BFD /* Main.storyboard in Resources */ = {isa = PBXBuildFile; fileRef = 96A1E9091CABEF62008A3BFD /* Main.storyboard */; };
		96A1E90D1CABEF62008A3BFD /* Assets.xcassets in Resources */ = {isa = PBXBuildFile; fileRef = 96A1E90C1CABEF62008A3BFD /* Assets.xcassets */; };
		96A1E9101CABEF62008A3BFD /* LaunchScreen.storyboard in Resources */ = {isa = PBXBuildFile; fileRef = 96A1E90E1CABEF62008A3BFD /* LaunchScreen.storyboard */; };
/* End PBXBuildFile section */

/* Begin PBXFileReference section */
		96A1E9021CABEF62008A3BFD /* applogin.app */ = {isa = PBXFileReference; explicitFileType = wrapper.application; includeInIndex = 0; path = applogin.app; sourceTree = BUILT_PRODUCTS_DIR; };
		96A1E9051CABEF62008A3BFD /* AppDelegate.swift */ = {isa = PBXFileReference; lastKnownFileType = sourcecode.swift; path = AppDelegate.swift; sourceTree = "<group>"; };
		96A1E9071CABEF62008A3BFD /* ViewController.swift */ = {isa = PBXFileReference; lastKnownFileType = sourcecode.swift; path = ViewController.swift; sourceTree = "<group>"; };
		96A1E90A1CABEF62008A3BFD /* Base */ = {isa = PBXFileReference; lastKnownFileType = file.storyboard; name = Base; path = Base.lproj/Main.storyboard; sourceTree = "<group>"; };
		96A1E90C1CABEF62008A3BFD /* Assets.xcassets */ = {isa = PBXFileReference; lastKnownFileType = folder.assetcatalog; path = Assets.xcassets; sourceTree = "<group>"; };
		96A1E90F1CABEF62008A3BFD /* Base */ = {isa = PBXFileReference; lastKnownFileType = file.storyboard; name = Base; path = Base.lproj/LaunchScreen.storyboard; sourceTree = "<group>"; };
		96A1E9111CABEF62008A3BFD /* Info.plist */ = {isa = PBXFileReference; lastKnownFileType = text.plist.xml; path = Info.plist; sourceTree = "<group>"; };
/* End PBXFileReference section */

/* Begin PBXFrameworksBuildPhase section */
		96A1E8FF1CABEF62008A3BFD /* Frameworks */ = {
			isa = PBXFrameworksBuildPhase;
			buildActionMask = 2147483647;
			files = (
			);
			runOnlyForDeploymentPostprocessing = 0;
		};
/* End PBXFrameworksBuildPhase section */

/* Begin PBXGroup section */
		96A1E8F91CABEF62008A3BFD = {
			isa = PBXGroup;
			children = (
				96A1E9041CABEF62008A3BFD /* applogin */,
				96A1E9031CABEF62008A3BFD /* Products */,
			);
			sourceTree = "<group>";
		};
		96A1E9031CABEF62008A3BFD /* Products */ = {
			isa = PBXGroup;
			children = (
				96A1E9021CABEF62008A3BFD /* applogin.app */,
			);
			name = Products;
			sourceTree = "<group>";
		};
		96A1E9041CABEF62008A3BFD /* applogin */ = {
			isa = PBXGroup;
			children = (
				96A1E9051CABEF62008A3BFD /* AppDelegate.swift */,
				96A1E9071CABEF62008A3BFD /* ViewController.swift */,
				96A1E9091CABEF62008A3BFD /* Main.storyboard */,
				96A1E90C1CABEF62008A3BFD /* Assets.xcassets */,
				96A1E90E1CABEF62008A3BFD /* LaunchScreen.storyboard */,
				96A1E9111CABEF62008A3BFD /* Info.plist */,
			);
			path = applogin;
			sourceTree = "<group>";
		};
/* End PBXGroup section */

/* Begin PBXNativeTarget section */
		96A1E9011CABEF62008A3BFD /* applogin */ = {
			isa = PBXNativeTarget;
			buildConfigurationList = 96A1E9141CABEF62008A3BFD /* Build configuration list for PBXNativeTarget "applogin" */;
			buildPhases = (
				96A1E8FE1CABEF62008A3BFD /* Sources */,
				96A1E8FF1CABEF62008A3BFD /* Frameworks */,
				96A1E9001CABEF62008A3BFD /* Resources */,
			);
			buildRules = (
			);
			dependencies = (
			);
			name = applogin;
			productName = applogin;
			productReference = 96A1E9021CABEF62008A3BFD /* applogin.app */;
			productType = "com.apple.product-type.application";
		};
/* End PBXNativeTarget section */

/* Begin PBXProject section */
		96A1E8FA1CABEF62008A3BFD /* Project object */ = {
			isa = PBXProject;
			attributes = {
				LastSwiftUpdateCheck = 0730;
				LastUpgradeCheck = 0730;
				ORGANIZATIONNAME = esrij;
				TargetAttributes = {
					96A1E9011CABEF62008A3BFD = {
						CreatedOnToolsVersion = 7.3;
					};
				};
			};
			buildConfigurationList = 96A1E8FD1CABEF62008A3BFD /* Build configuration list for PBXProject "applogin" */;
			compatibilityVersion = "Xcode 3.2";
			developmentRegion = English;
			hasScannedForEncodings = 0;
			knownRegions = (
				en,
				Base,
			);
			mainGroup = 96A1E8F91CABEF62008A3BFD;
			productRefGroup = 96A1E9031CABEF62008A3BFD /* Products */;
			projectDirPath = "";
			projectRoot = "";
			targets = (
				96A1E9011CABEF62008A3BFD /* applogin */,
			);
		};
/* End PBXProject section */

/* Begin PBXResourcesBuildPhase section */
		96A1E9001CABEF62008A3BFD /* Resources */ = {
			isa = PBXResourcesBuildPhase;
			buildActionMask = 2147483647;
			files = (
				96A1E9101CABEF62008A3BFD /* LaunchScreen.storyboard in Resources */,
				96A1E90D1CABEF62008A3BFD /* Assets.xcassets in Resources */,
				96A1E90B1CABEF62008A3BFD /* Main.storyboard in Resources */,
			);
			runOnlyForDeploymentPostprocessing = 0;
		};
/* End PBXResourcesBuildPhase section */

/* Begin PBXSourcesBuildPhase section */
		96A1E8FE1CABEF62008A3BFD /* Sources */ = {
			isa = PBXSourcesBuildPhase;
			buildActionMask = 2147483647;
			files = (
				96A1E9081CABEF62008A3BFD /* ViewController.swift in Sources */,
				96A1E9061CABEF62008A3BFD /* AppDelegate.swift in Sources */,
			);
			runOnlyForDeploymentPostprocessing = 0;
		};
/* End PBXSourcesBuildPhase section */

/* Begin PBXVariantGroup section */
		96A1E9091CABEF62008A3BFD /* Main.storyboard */ = {
			isa = PBXVariantGroup;
			children = (
				96A1E90A1CABEF62008A3BFD /* Base */,
			);
			name = Main.storyboard;
			sourceTree = "<group>";
		};
		96A1E90E1CABEF62008A3BFD /* LaunchScreen.storyboard */ = {
			isa = PBXVariantGroup;
			children = (
				96A1E90F1CABEF62008A3BFD /* Base */,
			);
			name = LaunchScreen.storyboard;
			sourceTree = "<group>";
		};
/* End PBXVariantGroup section */

/* Begin XCBuildConfiguration section */
		96A1E9121CABEF62008A3BFD /* Debug */ = {
			isa = XCBuildConfiguration;
			buildSettings = {
				ALWAYS_SEARCH_USER_PATHS = NO;
				CLANG_ANALYZER_NONNULL = YES;
				CLANG_CXX_LANGUAGE_STANDARD = "gnu++0x";
				CLANG_CXX_LIBRARY = "libc++";
				CLANG_ENABLE_MODULES = YES;
				CLANG_ENABLE_OBJC_ARC = YES;
				CLANG_WARN_BOOL_CONVERSION = YES;
				CLANG_WARN_CONSTANT_CONVERSION = YES;
				CLANG_WARN_DIRECT_OBJC_ISA_USAGE = YES_ERROR;
				CLANG_WARN_EMPTY_BODY = YES;
				CLANG_WARN_ENUM_CONVERSION = YES;
				CLANG_WARN_INT_CONVERSION = YES;
				CLANG_WARN_OBJC_ROOT_CLASS = YES_ERROR;
				CLANG_WARN_UNREACHABLE_CODE = YES;
				CLANG_WARN__DUPLICATE_METHOD_MATCH = YES;
				"CODE_SIGN_IDENTITY[sdk=iphoneos*]" = "iPhone Developer";
				COPY_PHASE_STRIP = NO;
				DEBUG_INFORMATION_FORMAT = dwarf;
				ENABLE_STRICT_OBJC_MSGSEND = YES;
				ENABLE_TESTABILITY = YES;
				GCC_C_LANGUAGE_STANDARD = gnu99;
				GCC_DYNAMIC_NO_PIC = NO;
				GCC_NO_COMMON_BLOCKS = YES;
				GCC_OPTIMIZATION_LEVEL = 0;
				GCC_PREPROCESSOR_DEFINITIONS = (
					"DEBUG=1",
					"$(inherited)",
				);
				GCC_WARN_64_TO_32_BIT_CONVERSION = YES;
				GCC_WARN_ABOUT_RETURN_TYPE = YES_ERROR;
				GCC_WARN_UNDECLARED_SELECTOR = YES;
				GCC_WARN_UNINITIALIZED_AUTOS = YES_AGGRESSIVE;
				GCC_WARN_UNUSED_FUNCTION = YES;
				GCC_WARN_UNUSED_VARIABLE = YES;
				IPHONEOS_DEPLOYMENT_TARGET = 9.3;
				MTL_ENABLE_DEBUG_INFO = YES;
				ONLY_ACTIVE_ARCH = YES;
				SDKROOT = iphoneos;
				SWIFT_OPTIMIZATION_LEVEL = "-Onone";
				TARGETED_DEVICE_FAMILY = "1,2";
			};
			name = Debug;
		};
		96A1E9131CABEF62008A3BFD /* Release */ = {
			isa = XCBuildConfiguration;
			buildSettings = {
				ALWAYS_SEARCH_USER_PATHS = NO;
				CLANG_ANALYZER_NONNULL = YES;
				CLANG_CXX_LANGUAGE_STANDARD = "gnu++0x";
				CLANG_CXX_LIBRARY = "libc++";
				CLANG_ENABLE_MODULES = YES;
				CLANG_ENABLE_OBJC_ARC = YES;
				CLANG_WARN_BOOL_CONVERSION = YES;
				CLANG_WARN_CONSTANT_CONVERSION = YES;
				CLANG_WARN_DIRECT_OBJC_ISA_USAGE = YES_ERROR;
				CLANG_WARN_EMPTY_BODY = YES;
				CLANG_WARN_ENUM_CONVERSION = YES;
				CLANG_WARN_INT_CONVERSION = YES;
				CLANG_WARN_OBJC_ROOT_CLASS = YES_ERROR;
				CLANG_WARN_UNREACHABLE_CODE = YES;
				CLANG_WARN__DUPLICATE_METHOD_MATCH = YES;
				"CODE_SIGN_IDENTITY[sdk=iphoneos*]" = "iPhone Developer";
				COPY_PHASE_STRIP = NO;
				DEBUG_INFORMATION_FORMAT = "dwarf-with-dsym";
				ENABLE_NS_ASSERTIONS = NO;
				ENABLE_STRICT_OBJC_MSGSEND = YES;
				GCC_C_LANGUAGE_STANDARD = gnu99;
				GCC_NO_COMMON_BLOCKS = YES;
				GCC_WARN_64_TO_32_BIT_CONVERSION = YES;
				GCC_WARN_ABOUT_RETURN_TYPE = YES_ERROR;
				GCC_WARN_UNDECLARED_SELECTOR = YES;
				GCC_WARN_UNINITIALIZED_AUTOS = YES_AGGRESSIVE;
				GCC_WARN_UNUSED_FUNCTION = YES;
				GCC_WARN_UNUSED_VARIABLE = YES;
				IPHONEOS_DEPLOYMENT_TARGET = 9.3;
				MTL_ENABLE_DEBUG_INFO = NO;
				SDKROOT = iphoneos;
				TARGETED_DEVICE_FAMILY = "1,2";
				VALIDATE_PRODUCT = YES;
			};
			name = Release;
		};
		96A1E9151CABEF62008A3BFD /* Debug */ = {
			isa = XCBuildConfiguration;
			buildSettings = {
				ASSETCATALOG_COMPILER_APPICON_NAME = AppIcon;
				FRAMEWORK_SEARCH_PATHS = "$(HOME)/Library/SDKs/ArcGIS/iOS/";
				INFOPLIST_FILE = applogin/Info.plist;
				LD_RUNPATH_SEARCH_PATHS = "$(inherited) @executable_path/Frameworks";
				OTHER_LDFLAGS = (
					"-ObjC",
					"-framework",
					ArcGIS,
					"-l",
					"c++",
				);
				PRODUCT_BUNDLE_IDENTIFIER = esrij.applogin;
				PRODUCT_NAME = "$(TARGET_NAME)";
			};
			name = Debug;
		};
		96A1E9161CABEF62008A3BFD /* Release */ = {
			isa = XCBuildConfiguration;
			buildSettings = {
				ASSETCATALOG_COMPILER_APPICON_NAME = AppIcon;
				FRAMEWORK_SEARCH_PATHS = "$(HOME)/Library/SDKs/ArcGIS/iOS/";
				INFOPLIST_FILE = applogin/Info.plist;
				LD_RUNPATH_SEARCH_PATHS = "$(inherited) @executable_path/Frameworks";
				OTHER_LDFLAGS = (
					"-ObjC",
					"-framework",
					ArcGIS,
					"-l",
					"c++",
				);
				PRODUCT_BUNDLE_IDENTIFIER = esrij.applogin;
				PRODUCT_NAME = "$(TARGET_NAME)";
			};
			name = Release;
		};
/* End XCBuildConfiguration section */

/* Begin XCConfigurationList section */
		96A1E8FD1CABEF62008A3BFD /* Build configuration list for PBXProject "applogin" */ = {
			isa = XCConfigurationList;
			buildConfigurations = (
				96A1E9121CABEF62008A3BFD /* Debug */,
				96A1E9131CABEF62008A3BFD /* Release */,
			);
			defaultConfigurationIsVisible = 0;
			defaultConfigurationName = Release;
		};
		96A1E9141CABEF62008A3BFD /* Build configuration list for PBXNativeTarget "applogin" */ = {
			isa = XCConfigurationList;
			buildConfigurations = (
				96A1E9151CABEF62008A3BFD /* Debug */,
				96A1E9161CABEF62008A3BFD /* Release */,
			);
			defaultConfigurationIsVisible = 0;
		};
/* End XCConfigurationList section */
	};
	rootObject = 96A1E8FA1CABEF62008A3BFD /* Project object */;
}
